
Microsoft Visual Studio Solution File, Format Version 12.00
# Visual Studio Version 17
VisualStudioVersion = 17.8.34322.80
MinimumVisualStudioVersion = 10.0.40219.1
Project("{9A19103F-16F7-4668-BE54-9A1E7A4F7556}") = "ExaminationSystem.MVC", ".\ExaminationSystem.MVC\ExaminationSystem.MVC.csproj", "{F937201A-3A7A-4D06-8DA6-1D8B0D03C354}"
EndProject
Project("{FAE04EC0-301F-11D3-BF4B-00C04F79EFBC}") = "ExaminationSystem.EF", ".\ExaminationSystem.EF\ExaminationSystem.EF.csproj", "{A7FFB3F0-AD15-4BAC-BAC6-FAFAC5E61226}"
EndProject
Project("{FAE04EC0-301F-11D3-BF4B-00C04F79EFBC}") = "ExaminationSystem.Core", ".\ExaminationSystem.Core\ExaminationSystem.Core.csproj", "{66A893A1-AE68-4656-A5BE-8503CEECA4C6}"
EndProject
Global
	GlobalSection(SolutionConfigurationPlatforms) = preSolution
		Debug|Any CPU = Debug|Any CPU
		Release|Any CPU = Release|Any CPU
	EndGlobalSection
	GlobalSection(ProjectConfigurationPlatforms) = postSolution
		{F937201A-3A7A-4D06-8DA6-1D8B0D03C354}.Debug|Any CPU.ActiveCfg = Debug|Any CPU
		{F937201A-3A7A-4D06-8DA6-1D8B0D03C354}.Debug|Any CPU.Build.0 = Debug|Any CPU
		{F937201A-3A7A-4D06-8DA6-1D8B0D03C354}.Release|Any CPU.ActiveCfg = Release|Any CPU
		{F937201A-3A7A-4D06-8DA6-1D8B0D03C354}.Release|Any CPU.Build.0 = Release|Any CPU
		{A7FFB3F0-AD15-4BAC-BAC6-FAFAC5E61226}.Debug|Any CPU.ActiveCfg = Debug|Any CPU
		{A7FFB3F0-AD15-4BAC-BAC6-FAFAC5E61226}.Debug|Any CPU.Build.0 = Debug|Any CPU
		{A7FFB3F0-AD15-4BAC-BAC6-FAFAC5E61226}.Release|Any CPU.ActiveCfg = Release|Any CPU
		{A7FFB3F0-AD15-4BAC-BAC6-FAFAC5E61226}.Release|Any CPU.Build.0 = Release|Any CPU
		{66A893A1-AE68-4656-A5BE-8503CEECA4C6}.Debug|Any CPU.ActiveCfg = Debug|Any CPU
		{66A893A1-AE68-4656-A5BE-8503CEECA4C6}.Debug|Any CPU.Build.0 = Debug|Any CPU
		{66A893A1-AE68-4656-A5BE-8503CEECA4C6}.Release|Any CPU.ActiveCfg = Release|Any CPU
		{66A893A1-AE68-4656-A5BE-8503CEECA4C6}.Release|Any CPU.Build.0 = Release|Any CPU
	EndGlobalSection
	GlobalSection(SolutionProperties) = preSolution
		HideSolutionNode = FALSE
	EndGlobalSection
	GlobalSection(ExtensibilityGlobals) = postSolution
		SolutionGuid = {C2A041B0-85FC-4251-9C0F-E6B5862D4B3C}
	EndGlobalSection
EndGlobal
